
Microsoft Visual Studio Solution File, Format Version 12.00
# Visual Studio Version 17
VisualStudioVersion = 17.2.32630.192
MinimumVisualStudioVersion = 10.0.40219.1
Project("{F184B08F-C81C-45F6-A57F-5ABD9991F28F}") = "currency convertir", "currency convertir\currency convertir.vbproj", "{EF0B6C6B-B052-4FE3-8FCF-1E9CB1EF563C}"
EndProject
Global
	GlobalSection(SolutionConfigurationPlatforms) = preSolution
		Debug|Any CPU = Debug|Any CPU
		Release|Any CPU = Release|Any CPU
	EndGlobalSection
	GlobalSection(ProjectConfigurationPlatforms) = postSolution
		{EF0B6C6B-B052-4FE3-8FCF-1E9CB1EF563C}.Debug|Any CPU.ActiveCfg = Debug|Any CPU
		{EF0B6C6B-B052-4FE3-8FCF-1E9CB1EF563C}.Debug|Any CPU.Build.0 = Debug|Any CPU
		{EF0B6C6B-B052-4FE3-8FCF-1E9CB1EF563C}.Release|Any CPU.ActiveCfg = Release|Any CPU
		{EF0B6C6B-B052-4FE3-8FCF-1E9CB1EF563C}.Release|Any CPU.Build.0 = Release|Any CPU
	EndGlobalSection
	GlobalSection(SolutionProperties) = preSolution
		HideSolutionNode = FALSE
	EndGlobalSection
	GlobalSection(ExtensibilityGlobals) = postSolution
		SolutionGuid = {8A8F480C-1C54-43FC-B250-85FE94FB616D}
	EndGlobalSection
EndGlobal
